
Microsoft Visual Studio Solution File, Format Version 12.00
# Visual Studio Version 17
VisualStudioVersion = 17.13.35818.85 d17.13
MinimumVisualStudioVersion = 10.0.40219.1
Project("{00D1A9C2-B5F0-4AF3-8072-F6C62B433612}") = "SanitarioOLTP", "SanitarioOLTP\SanitarioOLTP.sqlproj", "{6F2A7021-6922-49C6-9E17-E0ED671AD860}"
EndProject
Project("{00D1A9C2-B5F0-4AF3-8072-F6C62B433612}") = "SanitarioDW", "SanitarioDW\SanitarioDW.sqlproj", "{2E8AE9F0-996E-45A1-BDA2-1B91FA4ACD42}"
EndProject
Project("{C9674DCB-5085-4A16-B785-4C70DD1589BD}") = "SanitarioETL", "SanitarioETL\SanitarioETL.dtproj", "{91DB3CD7-547F-3D93-049D-1ACEA767E318}"
EndProject
Global
	GlobalSection(SolutionConfigurationPlatforms) = preSolution
		Debug|Any CPU = Debug|Any CPU
		Development|Any CPU = Development|Any CPU
		Release|Any CPU = Release|Any CPU
	EndGlobalSection
	GlobalSection(ProjectConfigurationPlatforms) = postSolution
		{6F2A7021-6922-49C6-9E17-E0ED671AD860}.Debug|Any CPU.ActiveCfg = Debug|Any CPU
		{6F2A7021-6922-49C6-9E17-E0ED671AD860}.Debug|Any CPU.Build.0 = Debug|Any CPU
		{6F2A7021-6922-49C6-9E17-E0ED671AD860}.Debug|Any CPU.Deploy.0 = Debug|Any CPU
		{6F2A7021-6922-49C6-9E17-E0ED671AD860}.Development|Any CPU.ActiveCfg = Release|Any CPU
		{6F2A7021-6922-49C6-9E17-E0ED671AD860}.Development|Any CPU.Build.0 = Release|Any CPU
		{6F2A7021-6922-49C6-9E17-E0ED671AD860}.Development|Any CPU.Deploy.0 = Release|Any CPU
		{6F2A7021-6922-49C6-9E17-E0ED671AD860}.Release|Any CPU.ActiveCfg = Release|Any CPU
		{6F2A7021-6922-49C6-9E17-E0ED671AD860}.Release|Any CPU.Build.0 = Release|Any CPU
		{6F2A7021-6922-49C6-9E17-E0ED671AD860}.Release|Any CPU.Deploy.0 = Release|Any CPU
		{2E8AE9F0-996E-45A1-BDA2-1B91FA4ACD42}.Debug|Any CPU.ActiveCfg = Debug|Any CPU
		{2E8AE9F0-996E-45A1-BDA2-1B91FA4ACD42}.Debug|Any CPU.Build.0 = Debug|Any CPU
		{2E8AE9F0-996E-45A1-BDA2-1B91FA4ACD42}.Debug|Any CPU.Deploy.0 = Debug|Any CPU
		{2E8AE9F0-996E-45A1-BDA2-1B91FA4ACD42}.Development|Any CPU.ActiveCfg = Release|Any CPU
		{2E8AE9F0-996E-45A1-BDA2-1B91FA4ACD42}.Development|Any CPU.Build.0 = Release|Any CPU
		{2E8AE9F0-996E-45A1-BDA2-1B91FA4ACD42}.Development|Any CPU.Deploy.0 = Release|Any CPU
		{2E8AE9F0-996E-45A1-BDA2-1B91FA4ACD42}.Release|Any CPU.ActiveCfg = Release|Any CPU
		{2E8AE9F0-996E-45A1-BDA2-1B91FA4ACD42}.Release|Any CPU.Build.0 = Release|Any CPU
		{2E8AE9F0-996E-45A1-BDA2-1B91FA4ACD42}.Release|Any CPU.Deploy.0 = Release|Any CPU
		{91DB3CD7-547F-3D93-049D-1ACEA767E318}.Debug|Any CPU.ActiveCfg = Development
		{91DB3CD7-547F-3D93-049D-1ACEA767E318}.Debug|Any CPU.Build.0 = Development
		{91DB3CD7-547F-3D93-049D-1ACEA767E318}.Development|Any CPU.ActiveCfg = Development
		{91DB3CD7-547F-3D93-049D-1ACEA767E318}.Development|Any CPU.Build.0 = Development
		{91DB3CD7-547F-3D93-049D-1ACEA767E318}.Release|Any CPU.ActiveCfg = Development
		{91DB3CD7-547F-3D93-049D-1ACEA767E318}.Release|Any CPU.Build.0 = Development
	EndGlobalSection
	GlobalSection(SolutionProperties) = preSolution
		HideSolutionNode = FALSE
	EndGlobalSection
	GlobalSection(ExtensibilityGlobals) = postSolution
		SolutionGuid = {1E9C148E-CD56-4742-847A-7DD6E3B8F546}
	EndGlobalSection
EndGlobal
