
Microsoft Visual Studio Solution File, Format Version 12.00
# Visual Studio Version 17
VisualStudioVersion = 17.13.35818.85 d17.13
MinimumVisualStudioVersion = 10.0.40219.1
Project("{00D1A9C2-B5F0-4AF3-8072-F6C62B433612}") = "Pro4BDSanitario", "Pro4BDSanitario.sqlproj", "{16A75DC9-7058-4220-8004-E4E48828EF80}"
EndProject
Global
	GlobalSection(SolutionConfigurationPlatforms) = preSolution
		Debug|Any CPU = Debug|Any CPU
		Release|Any CPU = Release|Any CPU
	EndGlobalSection
	GlobalSection(ProjectConfigurationPlatforms) = postSolution
		{16A75DC9-7058-4220-8004-E4E48828EF80}.Debug|Any CPU.ActiveCfg = Debug|Any CPU
		{16A75DC9-7058-4220-8004-E4E48828EF80}.Debug|Any CPU.Build.0 = Debug|Any CPU
		{16A75DC9-7058-4220-8004-E4E48828EF80}.Debug|Any CPU.Deploy.0 = Debug|Any CPU
		{16A75DC9-7058-4220-8004-E4E48828EF80}.Release|Any CPU.ActiveCfg = Release|Any CPU
		{16A75DC9-7058-4220-8004-E4E48828EF80}.Release|Any CPU.Build.0 = Release|Any CPU
		{16A75DC9-7058-4220-8004-E4E48828EF80}.Release|Any CPU.Deploy.0 = Release|Any CPU
	EndGlobalSection
	GlobalSection(SolutionProperties) = preSolution
		HideSolutionNode = FALSE
	EndGlobalSection
	GlobalSection(ExtensibilityGlobals) = postSolution
		SolutionGuid = {F68D6BEB-3173-4A93-A86A-B7693A9F79D0}
	EndGlobalSection
EndGlobal
